
Microsoft Visual Studio Solution File, Format Version 12.00
# Visual Studio Version 16
VisualStudioVersion = 16.0.30611.23
MinimumVisualStudioVersion = 10.0.40219.1
Project("{FAE04EC0-301F-11D3-BF4B-00C04F79EFBC}") = "Encryption", "Encryption\Encryption.csproj", "{31E0C9CC-7A09-4649-A40E-F198A90EE331}"
EndProject
Global
	GlobalSection(SolutionConfigurationPlatforms) = preSolution
		Debug|Any CPU = Debug|Any CPU
		Release|Any CPU = Release|Any CPU
	EndGlobalSection
	GlobalSection(ProjectConfigurationPlatforms) = postSolution
		{31E0C9CC-7A09-4649-A40E-F198A90EE331}.Debug|Any CPU.ActiveCfg = Debug|Any CPU
		{31E0C9CC-7A09-4649-A40E-F198A90EE331}.Debug|Any CPU.Build.0 = Debug|Any CPU
		{31E0C9CC-7A09-4649-A40E-F198A90EE331}.Release|Any CPU.ActiveCfg = Release|Any CPU
		{31E0C9CC-7A09-4649-A40E-F198A90EE331}.Release|Any CPU.Build.0 = Release|Any CPU
	EndGlobalSection
	GlobalSection(SolutionProperties) = preSolution
		HideSolutionNode = FALSE
	EndGlobalSection
	GlobalSection(ExtensibilityGlobals) = postSolution
		SolutionGuid = {83847861-876B-4213-A71B-DA00BBA68FC9}
	EndGlobalSection
EndGlobal
